// !$*UTF8*$!
{
	archiveVersion = 1;
	classes = {
	};
	objectVersion = 55;
	objects = {

/* Begin PBXBuildFile section */
		E3BDC74127798206008F5F20 /* AppDelegate.swift in Sources */ = {isa = PBXBuildFile; fileRef = E3BDC74027798206008F5F20 /* AppDelegate.swift */; };
		E3BDC74327798206008F5F20 /* SceneDelegate.swift in Sources */ = {isa = PBXBuildFile; fileRef = E3BDC74227798206008F5F20 /* SceneDelegate.swift */; };
		E3BDC74527798206008F5F20 /* ExampleViewController.swift in Sources */ = {isa = PBXBuildFile; fileRef = E3BDC74427798206008F5F20 /* ExampleViewController.swift */; };
		E3BDC74827798206008F5F20 /* Main.storyboard in Resources */ = {isa = PBXBuildFile; fileRef = E3BDC74627798206008F5F20 /* Main.storyboard */; };
		E3BDC74B27798206008F5F20 /* ReactorKit_Tutorial.xcdatamodeld in Sources */ = {isa = PBXBuildFile; fileRef = E3BDC74927798206008F5F20 /* ReactorKit_Tutorial.xcdatamodeld */; };
		E3BDC74D27798208008F5F20 /* Assets.xcassets in Resources */ = {isa = PBXBuildFile; fileRef = E3BDC74C27798208008F5F20 /* Assets.xcassets */; };
		E3BDC75027798208008F5F20 /* LaunchScreen.storyboard in Resources */ = {isa = PBXBuildFile; fileRef = E3BDC74E27798208008F5F20 /* LaunchScreen.storyboard */; };
		E3BDC75927798305008F5F20 /* RxCocoa in Frameworks */ = {isa = PBXBuildFile; productRef = E3BDC75827798305008F5F20 /* RxCocoa */; };
		E3BDC75B27798305008F5F20 /* RxRelay in Frameworks */ = {isa = PBXBuildFile; productRef = E3BDC75A27798305008F5F20 /* RxRelay */; };
		E3BDC75D27798305008F5F20 /* RxSwift in Frameworks */ = {isa = PBXBuildFile; productRef = E3BDC75C27798305008F5F20 /* RxSwift */; };
		E3BDC76027798318008F5F20 /* ReactorKit in Frameworks */ = {isa = PBXBuildFile; productRef = E3BDC75F27798318008F5F20 /* ReactorKit */; };
		E3BDC76227798383008F5F20 /* ExampleReactor.swift in Sources */ = {isa = PBXBuildFile; fileRef = E3BDC76127798383008F5F20 /* ExampleReactor.swift */; };
		E3BDC76B2779B76B008F5F20 /* Structs.swift in Sources */ = {isa = PBXBuildFile; fileRef = E3BDC76A2779B76B008F5F20 /* Structs.swift */; };
/* End PBXBuildFile section */

/* Begin PBXFileReference section */
		E3BDC73D27798206008F5F20 /* ReactorKit_Tutorial.app */ = {isa = PBXFileReference; explicitFileType = wrapper.application; includeInIndex = 0; path = ReactorKit_Tutorial.app; sourceTree = BUILT_PRODUCTS_DIR; };
		E3BDC74027798206008F5F20 /* AppDelegate.swift */ = {isa = PBXFileReference; lastKnownFileType = sourcecode.swift; path = AppDelegate.swift; sourceTree = "<group>"; };
		E3BDC74227798206008F5F20 /* SceneDelegate.swift */ = {isa = PBXFileReference; lastKnownFileType = sourcecode.swift; path = SceneDelegate.swift; sourceTree = "<group>"; };
		E3BDC74427798206008F5F20 /* ExampleViewController.swift */ = {isa = PBXFileReference; lastKnownFileType = sourcecode.swift; path = ExampleViewController.swift; sourceTree = "<group>"; };
		E3BDC74727798206008F5F20 /* Base */ = {isa = PBXFileReference; lastKnownFileType = file.storyboard; name = Base; path = Base.lproj/Main.storyboard; sourceTree = "<group>"; };
		E3BDC74A27798206008F5F20 /* ReactorKit_Tutorial.xcdatamodel */ = {isa = PBXFileReference; lastKnownFileType = wrapper.xcdatamodel; path = ReactorKit_Tutorial.xcdatamodel; sourceTree = "<group>"; };
		E3BDC74C27798208008F5F20 /* Assets.xcassets */ = {isa = PBXFileReference; lastKnownFileType = folder.assetcatalog; path = Assets.xcassets; sourceTree = "<group>"; };
		E3BDC74F27798208008F5F20 /* Base */ = {isa = PBXFileReference; lastKnownFileType = file.storyboard; name = Base; path = Base.lproj/LaunchScreen.storyboard; sourceTree = "<group>"; };
		E3BDC75127798208008F5F20 /* Info.plist */ = {isa = PBXFileReference; lastKnownFileType = text.plist.xml; path = Info.plist; sourceTree = "<group>"; };
		E3BDC76127798383008F5F20 /* ExampleReactor.swift */ = {isa = PBXFileReference; lastKnownFileType = sourcecode.swift; path = ExampleReactor.swift; sourceTree = "<group>"; };
		E3BDC76A2779B76B008F5F20 /* Structs.swift */ = {isa = PBXFileReference; lastKnownFileType = sourcecode.swift; path = Structs.swift; sourceTree = "<group>"; };
/* End PBXFileReference section */

/* Begin PBXFrameworksBuildPhase section */
		E3BDC73A27798206008F5F20 /* Frameworks */ = {
			isa = PBXFrameworksBuildPhase;
			buildActionMask = 2147483647;
			files = (
				E3BDC75D27798305008F5F20 /* RxSwift in Frameworks */,
				E3BDC75B27798305008F5F20 /* RxRelay in Frameworks */,
				E3BDC76027798318008F5F20 /* ReactorKit in Frameworks */,
				E3BDC75927798305008F5F20 /* RxCocoa in Frameworks */,
			);
			runOnlyForDeploymentPostprocessing = 0;
		};
/* End PBXFrameworksBuildPhase section */

/* Begin PBXGroup section */
		E3BDC73427798206008F5F20 = {
			isa = PBXGroup;
			children = (
				E3BDC73F27798206008F5F20 /* ReactorKit_Tutorial */,
				E3BDC73E27798206008F5F20 /* Products */,
			);
			sourceTree = "<group>";
		};
		E3BDC73E27798206008F5F20 /* Products */ = {
			isa = PBXGroup;
			children = (
				E3BDC73D27798206008F5F20 /* ReactorKit_Tutorial.app */,
			);
			name = Products;
			sourceTree = "<group>";
		};
		E3BDC73F27798206008F5F20 /* ReactorKit_Tutorial */ = {
			isa = PBXGroup;
			children = (
				E3BDC7692779B75E008F5F20 /* Extensions */,
				E3BDC763277983AC008F5F20 /* Example */,
				E3BDC74027798206008F5F20 /* AppDelegate.swift */,
				E3BDC74227798206008F5F20 /* SceneDelegate.swift */,
				E3BDC74627798206008F5F20 /* Main.storyboard */,
				E3BDC74C27798208008F5F20 /* Assets.xcassets */,
				E3BDC74E27798208008F5F20 /* LaunchScreen.storyboard */,
				E3BDC75127798208008F5F20 /* Info.plist */,
				E3BDC74927798206008F5F20 /* ReactorKit_Tutorial.xcdatamodeld */,
			);
			path = ReactorKit_Tutorial;
			sourceTree = "<group>";
		};
		E3BDC763277983AC008F5F20 /* Example */ = {
			isa = PBXGroup;
			children = (
				E3BDC74427798206008F5F20 /* ExampleViewController.swift */,
				E3BDC76127798383008F5F20 /* ExampleReactor.swift */,
			);
			path = Example;
			sourceTree = "<group>";
		};
		E3BDC7692779B75E008F5F20 /* Extensions */ = {
			isa = PBXGroup;
			children = (
				E3BDC76A2779B76B008F5F20 /* Structs.swift */,
			);
			path = Extensions;
			sourceTree = "<group>";
		};
/* End PBXGroup section */

/* Begin PBXNativeTarget section */
		E3BDC73C27798206008F5F20 /* ReactorKit_Tutorial */ = {
			isa = PBXNativeTarget;
			buildConfigurationList = E3BDC75427798208008F5F20 /* Build configuration list for PBXNativeTarget "ReactorKit_Tutorial" */;
			buildPhases = (
				E3BDC73927798206008F5F20 /* Sources */,
				E3BDC73A27798206008F5F20 /* Frameworks */,
				E3BDC73B27798206008F5F20 /* Resources */,
			);
			buildRules = (
			);
			dependencies = (
			);
			name = ReactorKit_Tutorial;
			packageProductDependencies = (
				E3BDC75827798305008F5F20 /* RxCocoa */,
				E3BDC75A27798305008F5F20 /* RxRelay */,
				E3BDC75C27798305008F5F20 /* RxSwift */,
				E3BDC75F27798318008F5F20 /* ReactorKit */,
			);
			productName = ReactorKit_Tutorial;
			productReference = E3BDC73D27798206008F5F20 /* ReactorKit_Tutorial.app */;
			productType = "com.apple.product-type.application";
		};
/* End PBXNativeTarget section */

/* Begin PBXProject section */
		E3BDC73527798206008F5F20 /* Project object */ = {
			isa = PBXProject;
			attributes = {
				BuildIndependentTargetsInParallel = 1;
				LastSwiftUpdateCheck = 1320;
				LastUpgradeCheck = 1320;
				TargetAttributes = {
					E3BDC73C27798206008F5F20 = {
						CreatedOnToolsVersion = 13.2.1;
					};
				};
			};
			buildConfigurationList = E3BDC73827798206008F5F20 /* Build configuration list for PBXProject "ReactorKit_Tutorial" */;
			compatibilityVersion = "Xcode 13.0";
			developmentRegion = en;
			hasScannedForEncodings = 0;
			knownRegions = (
				en,
				Base,
			);
			mainGroup = E3BDC73427798206008F5F20;
			packageReferences = (
				E3BDC75727798305008F5F20 /* XCRemoteSwiftPackageReference "RxSwift" */,
				E3BDC75E27798318008F5F20 /* XCRemoteSwiftPackageReference "ReactorKit" */,
			);
			productRefGroup = E3BDC73E27798206008F5F20 /* Products */;
			projectDirPath = "";
			projectRoot = "";
			targets = (
				E3BDC73C27798206008F5F20 /* ReactorKit_Tutorial */,
			);
		};
/* End PBXProject section */

/* Begin PBXResourcesBuildPhase section */
		E3BDC73B27798206008F5F20 /* Resources */ = {
			isa = PBXResourcesBuildPhase;
			buildActionMask = 2147483647;
			files = (
				E3BDC75027798208008F5F20 /* LaunchScreen.storyboard in Resources */,
				E3BDC74D27798208008F5F20 /* Assets.xcassets in Resources */,
				E3BDC74827798206008F5F20 /* Main.storyboard in Resources */,
			);
			runOnlyForDeploymentPostprocessing = 0;
		};
/* End PBXResourcesBuildPhase section */

/* Begin PBXSourcesBuildPhase section */
		E3BDC73927798206008F5F20 /* Sources */ = {
			isa = PBXSourcesBuildPhase;
			buildActionMask = 2147483647;
			files = (
				E3BDC76B2779B76B008F5F20 /* Structs.swift in Sources */,
				E3BDC74527798206008F5F20 /* ExampleViewController.swift in Sources */,
				E3BDC74127798206008F5F20 /* AppDelegate.swift in Sources */,
				E3BDC74B27798206008F5F20 /* ReactorKit_Tutorial.xcdatamodeld in Sources */,
				E3BDC74327798206008F5F20 /* SceneDelegate.swift in Sources */,
				E3BDC76227798383008F5F20 /* ExampleReactor.swift in Sources */,
			);
			runOnlyForDeploymentPostprocessing = 0;
		};
/* End PBXSourcesBuildPhase section */

/* Begin PBXVariantGroup section */
		E3BDC74627798206008F5F20 /* Main.storyboard */ = {
			isa = PBXVariantGroup;
			children = (
				E3BDC74727798206008F5F20 /* Base */,
			);
			name = Main.storyboard;
			sourceTree = "<group>";
		};
		E3BDC74E27798208008F5F20 /* LaunchScreen.storyboard */ = {
			isa = PBXVariantGroup;
			children = (
				E3BDC74F27798208008F5F20 /* Base */,
			);
			name = LaunchScreen.storyboard;
			sourceTree = "<group>";
		};
/* End PBXVariantGroup section */

/* Begin XCBuildConfiguration section */
		E3BDC75227798208008F5F20 /* Debug */ = {
			isa = XCBuildConfiguration;
			buildSettings = {
				ALWAYS_SEARCH_USER_PATHS = NO;
				CLANG_ANALYZER_NONNULL = YES;
				CLANG_ANALYZER_NUMBER_OBJECT_CONVERSION = YES_AGGRESSIVE;
				CLANG_CXX_LANGUAGE_STANDARD = "gnu++17";
				CLANG_CXX_LIBRARY = "libc++";
				CLANG_ENABLE_MODULES = YES;
				CLANG_ENABLE_OBJC_ARC = YES;
				CLANG_ENABLE_OBJC_WEAK = YES;
				CLANG_WARN_BLOCK_CAPTURE_AUTORELEASING = YES;
				CLANG_WARN_BOOL_CONVERSION = YES;
				CLANG_WARN_COMMA = YES;
				CLANG_WARN_CONSTANT_CONVERSION = YES;
				CLANG_WARN_DEPRECATED_OBJC_IMPLEMENTATIONS = YES;
				CLANG_WARN_DIRECT_OBJC_ISA_USAGE = YES_ERROR;
				CLANG_WARN_DOCUMENTATION_COMMENTS = YES;
				CLANG_WARN_EMPTY_BODY = YES;
				CLANG_WARN_ENUM_CONVERSION = YES;
				CLANG_WARN_INFINITE_RECURSION = YES;
				CLANG_WARN_INT_CONVERSION = YES;
				CLANG_WARN_NON_LITERAL_NULL_CONVERSION = YES;
				CLANG_WARN_OBJC_IMPLICIT_RETAIN_SELF = YES;
				CLANG_WARN_OBJC_LITERAL_CONVERSION = YES;
				CLANG_WARN_OBJC_ROOT_CLASS = YES_ERROR;
				CLANG_WARN_QUOTED_INCLUDE_IN_FRAMEWORK_HEADER = YES;
				CLANG_WARN_RANGE_LOOP_ANALYSIS = YES;
				CLANG_WARN_STRICT_PROTOTYPES = YES;
				CLANG_WARN_SUSPICIOUS_MOVE = YES;
				CLANG_WARN_UNGUARDED_AVAILABILITY = YES_AGGRESSIVE;
				CLANG_WARN_UNREACHABLE_CODE = YES;
				CLANG_WARN__DUPLICATE_METHOD_MATCH = YES;
				COPY_PHASE_STRIP = NO;
				DEBUG_INFORMATION_FORMAT = dwarf;
				ENABLE_STRICT_OBJC_MSGSEND = YES;
				ENABLE_TESTABILITY = YES;
				GCC_C_LANGUAGE_STANDARD = gnu11;
				GCC_DYNAMIC_NO_PIC = NO;
				GCC_NO_COMMON_BLOCKS = YES;
				GCC_OPTIMIZATION_LEVEL = 0;
				GCC_PREPROCESSOR_DEFINITIONS = (
					"DEBUG=1",
					"$(inherited)",
				);
				GCC_WARN_64_TO_32_BIT_CONVERSION = YES;
				GCC_WARN_ABOUT_RETURN_TYPE = YES_ERROR;
				GCC_WARN_UNDECLARED_SELECTOR = YES;
				GCC_WARN_UNINITIALIZED_AUTOS = YES_AGGRESSIVE;
				GCC_WARN_UNUSED_FUNCTION = YES;
				GCC_WARN_UNUSED_VARIABLE = YES;
				IPHONEOS_DEPLOYMENT_TARGET = 15.2;
				MTL_ENABLE_DEBUG_INFO = INCLUDE_SOURCE;
				MTL_FAST_MATH = YES;
				ONLY_ACTIVE_ARCH = YES;
				SDKROOT = iphoneos;
				SWIFT_ACTIVE_COMPILATION_CONDITIONS = DEBUG;
				SWIFT_OPTIMIZATION_LEVEL = "-Onone";
			};
			name = Debug;
		};
		E3BDC75327798208008F5F20 /* Release */ = {
			isa = XCBuildConfiguration;
			buildSettings = {
				ALWAYS_SEARCH_USER_PATHS = NO;
				CLANG_ANALYZER_NONNULL = YES;
				CLANG_ANALYZER_NUMBER_OBJECT_CONVERSION = YES_AGGRESSIVE;
				CLANG_CXX_LANGUAGE_STANDARD = "gnu++17";
				CLANG_CXX_LIBRARY = "libc++";
				CLANG_ENABLE_MODULES = YES;
				CLANG_ENABLE_OBJC_ARC = YES;
				CLANG_ENABLE_OBJC_WEAK = YES;
				CLANG_WARN_BLOCK_CAPTURE_AUTORELEASING = YES;
				CLANG_WARN_BOOL_CONVERSION = YES;
				CLANG_WARN_COMMA = YES;
				CLANG_WARN_CONSTANT_CONVERSION = YES;
				CLANG_WARN_DEPRECATED_OBJC_IMPLEMENTATIONS = YES;
				CLANG_WARN_DIRECT_OBJC_ISA_USAGE = YES_ERROR;
				CLANG_WARN_DOCUMENTATION_COMMENTS = YES;
				CLANG_WARN_EMPTY_BODY = YES;
				CLANG_WARN_ENUM_CONVERSION = YES;
				CLANG_WARN_INFINITE_RECURSION = YES;
				CLANG_WARN_INT_CONVERSION = YES;
				CLANG_WARN_NON_LITERAL_NULL_CONVERSION = YES;
				CLANG_WARN_OBJC_IMPLICIT_RETAIN_SELF = YES;
				CLANG_WARN_OBJC_LITERAL_CONVERSION = YES;
				CLANG_WARN_OBJC_ROOT_CLASS = YES_ERROR;
				CLANG_WARN_QUOTED_INCLUDE_IN_FRAMEWORK_HEADER = YES;
				CLANG_WARN_RANGE_LOOP_ANALYSIS = YES;
				CLANG_WARN_STRICT_PROTOTYPES = YES;
				CLANG_WARN_SUSPICIOUS_MOVE = YES;
				CLANG_WARN_UNGUARDED_AVAILABILITY = YES_AGGRESSIVE;
				CLANG_WARN_UNREACHABLE_CODE = YES;
				CLANG_WARN__DUPLICATE_METHOD_MATCH = YES;
				COPY_PHASE_STRIP = NO;
				DEBUG_INFORMATION_FORMAT = "dwarf-with-dsym";
				ENABLE_NS_ASSERTIONS = NO;
				ENABLE_STRICT_OBJC_MSGSEND = YES;
				GCC_C_LANGUAGE_STANDARD = gnu11;
				GCC_NO_COMMON_BLOCKS = YES;
				GCC_WARN_64_TO_32_BIT_CONVERSION = YES;
				GCC_WARN_ABOUT_RETURN_TYPE = YES_ERROR;
				GCC_WARN_UNDECLARED_SELECTOR = YES;
				GCC_WARN_UNINITIALIZED_AUTOS = YES_AGGRESSIVE;
				GCC_WARN_UNUSED_FUNCTION = YES;
				GCC_WARN_UNUSED_VARIABLE = YES;
				IPHONEOS_DEPLOYMENT_TARGET = 15.2;
				MTL_ENABLE_DEBUG_INFO = NO;
				MTL_FAST_MATH = YES;
				SDKROOT = iphoneos;
				SWIFT_COMPILATION_MODE = wholemodule;
				SWIFT_OPTIMIZATION_LEVEL = "-O";
				VALIDATE_PRODUCT = YES;
			};
			name = Release;
		};
		E3BDC75527798208008F5F20 /* Debug */ = {
			isa = XCBuildConfiguration;
			buildSettings = {
				ASSETCATALOG_COMPILER_APPICON_NAME = AppIcon;
				ASSETCATALOG_COMPILER_GLOBAL_ACCENT_COLOR_NAME = AccentColor;
				CODE_SIGN_STYLE = Automatic;
				CURRENT_PROJECT_VERSION = 1;
				DEVELOPMENT_TEAM = L56LNTR7PZ;
				GENERATE_INFOPLIST_FILE = YES;
				INFOPLIST_FILE = ReactorKit_Tutorial/Info.plist;
				INFOPLIST_KEY_UIApplicationSupportsIndirectInputEvents = YES;
				INFOPLIST_KEY_UILaunchStoryboardName = LaunchScreen;
				INFOPLIST_KEY_UIMainStoryboardFile = Main;
				INFOPLIST_KEY_UISupportedInterfaceOrientations_iPad = "UIInterfaceOrientationPortrait UIInterfaceOrientationPortraitUpsideDown UIInterfaceOrientationLandscapeLeft UIInterfaceOrientationLandscapeRight";
				INFOPLIST_KEY_UISupportedInterfaceOrientations_iPhone = "UIInterfaceOrientationPortrait UIInterfaceOrientationLandscapeLeft UIInterfaceOrientationLandscapeRight";
				LD_RUNPATH_SEARCH_PATHS = (
					"$(inherited)",
					"@executable_path/Frameworks",
				);
				MARKETING_VERSION = 1.0;
				PRODUCT_BUNDLE_IDENTIFIER = "com.study.skillStudy.ReactorKit-Tutorial";
				PRODUCT_NAME = "$(TARGET_NAME)";
				SWIFT_EMIT_LOC_STRINGS = YES;
				SWIFT_VERSION = 5.0;
				TARGETED_DEVICE_FAMILY = "1,2";
			};
			name = Debug;
		};
		E3BDC75627798208008F5F20 /* Release */ = {
			isa = XCBuildConfiguration;
			buildSettings = {
				ASSETCATALOG_COMPILER_APPICON_NAME = AppIcon;
				ASSETCATALOG_COMPILER_GLOBAL_ACCENT_COLOR_NAME = AccentColor;
				CODE_SIGN_STYLE = Automatic;
				CURRENT_PROJECT_VERSION = 1;
				DEVELOPMENT_TEAM = L56LNTR7PZ;
				GENERATE_INFOPLIST_FILE = YES;
				INFOPLIST_FILE = ReactorKit_Tutorial/Info.plist;
				INFOPLIST_KEY_UIApplicationSupportsIndirectInputEvents = YES;
				INFOPLIST_KEY_UILaunchStoryboardName = LaunchScreen;
				INFOPLIST_KEY_UIMainStoryboardFile = Main;
				INFOPLIST_KEY_UISupportedInterfaceOrientations_iPad = "UIInterfaceOrientationPortrait UIInterfaceOrientationPortraitUpsideDown UIInterfaceOrientationLandscapeLeft UIInterfaceOrientationLandscapeRight";
				INFOPLIST_KEY_UISupportedInterfaceOrientations_iPhone = "UIInterfaceOrientationPortrait UIInterfaceOrientationLandscapeLeft UIInterfaceOrientationLandscapeRight";
				LD_RUNPATH_SEARCH_PATHS = (
					"$(inherited)",
					"@executable_path/Frameworks",
				);
				MARKETING_VERSION = 1.0;
				PRODUCT_BUNDLE_IDENTIFIER = "com.study.skillStudy.ReactorKit-Tutorial";
				PRODUCT_NAME = "$(TARGET_NAME)";
				SWIFT_EMIT_LOC_STRINGS = YES;
				SWIFT_VERSION = 5.0;
				TARGETED_DEVICE_FAMILY = "1,2";
			};
			name = Release;
		};
/* End XCBuildConfiguration section */

/* Begin XCConfigurationList section */
		E3BDC73827798206008F5F20 /* Build configuration list for PBXProject "ReactorKit_Tutorial" */ = {
			isa = XCConfigurationList;
			buildConfigurations = (
				E3BDC75227798208008F5F20 /* Debug */,
				E3BDC75327798208008F5F20 /* Release */,
			);
			defaultConfigurationIsVisible = 0;
			defaultConfigurationName = Release;
		};
		E3BDC75427798208008F5F20 /* Build configuration list for PBXNativeTarget "ReactorKit_Tutorial" */ = {
			isa = XCConfigurationList;
			buildConfigurations = (
				E3BDC75527798208008F5F20 /* Debug */,
				E3BDC75627798208008F5F20 /* Release */,
			);
			defaultConfigurationIsVisible = 0;
			defaultConfigurationName = Release;
		};
/* End XCConfigurationList section */

/* Begin XCRemoteSwiftPackageReference section */
		E3BDC75727798305008F5F20 /* XCRemoteSwiftPackageReference "RxSwift" */ = {
			isa = XCRemoteSwiftPackageReference;
			repositoryURL = "https://github.com/ReactiveX/RxSwift.git";
			requirement = {
				kind = upToNextMajorVersion;
				minimumVersion = 6.0.0;
			};
		};
		E3BDC75E27798318008F5F20 /* XCRemoteSwiftPackageReference "ReactorKit" */ = {
			isa = XCRemoteSwiftPackageReference;
			repositoryURL = "https://github.com/ReactorKit/ReactorKit.git";
			requirement = {
				kind = upToNextMajorVersion;
				minimumVersion = 3.0.0;
			};
		};
/* End XCRemoteSwiftPackageReference section */

/* Begin XCSwiftPackageProductDependency section */
		E3BDC75827798305008F5F20 /* RxCocoa */ = {
			isa = XCSwiftPackageProductDependency;
			package = E3BDC75727798305008F5F20 /* XCRemoteSwiftPackageReference "RxSwift" */;
			productName = RxCocoa;
		};
		E3BDC75A27798305008F5F20 /* RxRelay */ = {
			isa = XCSwiftPackageProductDependency;
			package = E3BDC75727798305008F5F20 /* XCRemoteSwiftPackageReference "RxSwift" */;
			productName = RxRelay;
		};
		E3BDC75C27798305008F5F20 /* RxSwift */ = {
			isa = XCSwiftPackageProductDependency;
			package = E3BDC75727798305008F5F20 /* XCRemoteSwiftPackageReference "RxSwift" */;
			productName = RxSwift;
		};
		E3BDC75F27798318008F5F20 /* ReactorKit */ = {
			isa = XCSwiftPackageProductDependency;
			package = E3BDC75E27798318008F5F20 /* XCRemoteSwiftPackageReference "ReactorKit" */;
			productName = ReactorKit;
		};
/* End XCSwiftPackageProductDependency section */

/* Begin XCVersionGroup section */
		E3BDC74927798206008F5F20 /* ReactorKit_Tutorial.xcdatamodeld */ = {
			isa = XCVersionGroup;
			children = (
				E3BDC74A27798206008F5F20 /* ReactorKit_Tutorial.xcdatamodel */,
			);
			currentVersion = E3BDC74A27798206008F5F20 /* ReactorKit_Tutorial.xcdatamodel */;
			path = ReactorKit_Tutorial.xcdatamodeld;
			sourceTree = "<group>";
			versionGroupType = wrapper.xcdatamodel;
		};
/* End XCVersionGroup section */
	};
	rootObject = E3BDC73527798206008F5F20 /* Project object */;
}
